// !$*UTF8*$!
{
	archiveVersion = 1;
	classes = {
	};
	objectVersion = 46;
	objects = {

/* Begin PBXBuildFile section */
		0C33E71F837D702244A92F36 /* Pods_BookClub.framework in Frameworks */ = {isa = PBXBuildFile; fileRef = 8184611CFD532990335FFF46 /* Pods_BookClub.framework */; };
		17E59B75DDCEBEBF023AE725 /* Pods_BookClubUITests.framework in Frameworks */ = {isa = PBXBuildFile; fileRef = D357425DEC14D601427CC204 /* Pods_BookClubUITests.framework */; };
		428C98C7E75070211A505B0C /* Pods_BookClubTests.framework in Frameworks */ = {isa = PBXBuildFile; fileRef = 7A78BA14E2E08901D8AFED57 /* Pods_BookClubTests.framework */; };
		DB1318B81DC93EA5002F9EE5 /* LibraryAPIClientTests.swift in Sources */ = {isa = PBXBuildFile; fileRef = DB1318B71DC93EA5002F9EE5 /* LibraryAPIClientTests.swift */; };
		DB30844D1DC44D6300BD9A2A /* Reader.swift in Sources */ = {isa = PBXBuildFile; fileRef = DB30844C1DC44D6300BD9A2A /* Reader.swift */; };
		DB42F90C1DC68F7400DEB6EB /* BookTableViewCell.swift in Sources */ = {isa = PBXBuildFile; fileRef = DB42F90B1DC68F7400DEB6EB /* BookTableViewCell.swift */; };
		DB42F90E1DC6A91F00DEB6EB /* BookCellTests.swift in Sources */ = {isa = PBXBuildFile; fileRef = DB42F90D1DC6A91F00DEB6EB /* BookCellTests.swift */; };
		DB42F9111DC6C81E00DEB6EB /* BookDetailViewControllerTests.swift in Sources */ = {isa = PBXBuildFile; fileRef = DB42F9101DC6C81E00DEB6EB /* BookDetailViewControllerTests.swift */; };
		DB42F9131DC6C8A500DEB6EB /* BookDetailViewController.swift in Sources */ = {isa = PBXBuildFile; fileRef = DB42F9121DC6C8A500DEB6EB /* BookDetailViewController.swift */; };
		DB42F9171DC7017100DEB6EB /* CommentListDataProviderTests.swift in Sources */ = {isa = PBXBuildFile; fileRef = DB42F9161DC7017100DEB6EB /* CommentListDataProviderTests.swift */; };
		DB42F9191DC7029A00DEB6EB /* CommentListDataProvider.swift in Sources */ = {isa = PBXBuildFile; fileRef = DB42F9181DC7029A00DEB6EB /* CommentListDataProvider.swift */; };
		DB42F91B1DC705C400DEB6EB /* Comment.swift in Sources */ = {isa = PBXBuildFile; fileRef = DB42F91A1DC705C400DEB6EB /* Comment.swift */; };
		DB6F091A1DC913C500C6E74C /* BookStore.swift in Sources */ = {isa = PBXBuildFile; fileRef = DB6F09191DC913C500C6E74C /* BookStore.swift */; };
		DB6F091C1DC9202A00C6E74C /* BookStoreTests.swift in Sources */ = {isa = PBXBuildFile; fileRef = DB6F091B1DC9202A00C6E74C /* BookStoreTests.swift */; };
		DB70C5D41DC7A07500171E15 /* CommentTableViewCell.swift in Sources */ = {isa = PBXBuildFile; fileRef = DB70C5D31DC7A07500171E15 /* CommentTableViewCell.swift */; };
		DB70C5D61DC7A95100171E15 /* CommentCellTests.swift in Sources */ = {isa = PBXBuildFile; fileRef = DB70C5D51DC7A95100171E15 /* CommentCellTests.swift */; };
		DB968B781DC26D24007A7037 /* AppDelegate.swift in Sources */ = {isa = PBXBuildFile; fileRef = DB968B771DC26D24007A7037 /* AppDelegate.swift */; };
		DB968B7D1DC26D24007A7037 /* Main.storyboard in Resources */ = {isa = PBXBuildFile; fileRef = DB968B7B1DC26D24007A7037 /* Main.storyboard */; };
		DB968B7F1DC26D24007A7037 /* Assets.xcassets in Resources */ = {isa = PBXBuildFile; fileRef = DB968B7E1DC26D24007A7037 /* Assets.xcassets */; };
		DB968B821DC26D24007A7037 /* LaunchScreen.storyboard in Resources */ = {isa = PBXBuildFile; fileRef = DB968B801DC26D24007A7037 /* LaunchScreen.storyboard */; };
		DB968BA71DC26FB5007A7037 /* BookTests.swift in Sources */ = {isa = PBXBuildFile; fileRef = DB968BA61DC26FB5007A7037 /* BookTests.swift */; };
		DB968BA91DC2705D007A7037 /* Book.swift in Sources */ = {isa = PBXBuildFile; fileRef = DB968BA81DC2705D007A7037 /* Book.swift */; };
		DB968BAC1DC342FC007A7037 /* Constants.swift in Sources */ = {isa = PBXBuildFile; fileRef = DB968BAB1DC342FC007A7037 /* Constants.swift */; };
		DB968BB11DC3B6A0007A7037 /* LibraryAPIClient.swift in Sources */ = {isa = PBXBuildFile; fileRef = DB968BB01DC3B6A0007A7037 /* LibraryAPIClient.swift */; };
		DBA34B4C1DC4D5560001D348 /* ReaderTests.swift in Sources */ = {isa = PBXBuildFile; fileRef = DBA34B4B1DC4D5560001D348 /* ReaderTests.swift */; };
		DBA34B4F1DC4E39B0001D348 /* HomeViewControllerTests.swift in Sources */ = {isa = PBXBuildFile; fileRef = DBA34B4E1DC4E39B0001D348 /* HomeViewControllerTests.swift */; };
		DBA34B511DC4E3DE0001D348 /* HomeViewController.swift in Sources */ = {isa = PBXBuildFile; fileRef = DBA34B501DC4E3DE0001D348 /* HomeViewController.swift */; };
		DBA34B531DC4E8AE0001D348 /* StoryboardTests.swift in Sources */ = {isa = PBXBuildFile; fileRef = DBA34B521DC4E8AE0001D348 /* StoryboardTests.swift */; };
		DBA34B591DC4F2D60001D348 /* BookListDataProviderTests.swift in Sources */ = {isa = PBXBuildFile; fileRef = DBA34B581DC4F2D60001D348 /* BookListDataProviderTests.swift */; };
		DBA34B5B1DC4F31B0001D348 /* BookListDataProvider.swift in Sources */ = {isa = PBXBuildFile; fileRef = DBA34B5A1DC4F31B0001D348 /* BookListDataProvider.swift */; };
		DBA34B621DC525D80001D348 /* BookCollectionViewCell.swift in Sources */ = {isa = PBXBuildFile; fileRef = DBA34B611DC525D80001D348 /* BookCollectionViewCell.swift */; };
		DBE157B01DCC491D0063A0D7 /* GoogleService-Info.plist in Resources */ = {isa = PBXBuildFile; fileRef = DBE157AF1DCC491D0063A0D7 /* GoogleService-Info.plist */; };
		DBE157B21DCC4CF80063A0D7 /* LoginViewController.swift in Sources */ = {isa = PBXBuildFile; fileRef = DBE157B11DCC4CF80063A0D7 /* LoginViewController.swift */; };
		DBE157B71DCC657C0063A0D7 /* FirebaseAuthenticator.swift in Sources */ = {isa = PBXBuildFile; fileRef = DBE157B61DCC657C0063A0D7 /* FirebaseAuthenticator.swift */; };
/* End PBXBuildFile section */

/* Begin PBXContainerItemProxy section */
		DB968B891DC26D24007A7037 /* PBXContainerItemProxy */ = {
			isa = PBXContainerItemProxy;
			containerPortal = DB968B6C1DC26D23007A7037 /* Project object */;
			proxyType = 1;
			remoteGlobalIDString = DB968B731DC26D23007A7037;
			remoteInfo = BookClub;
		};
		DB968B941DC26D24007A7037 /* PBXContainerItemProxy */ = {
			isa = PBXContainerItemProxy;
			containerPortal = DB968B6C1DC26D23007A7037 /* Project object */;
			proxyType = 1;
			remoteGlobalIDString = DB968B731DC26D23007A7037;
			remoteInfo = BookClub;
		};
/* End PBXContainerItemProxy section */

/* Begin PBXFileReference section */
		1AFD730938430DC698624D6E /* Pods-BookClub.debug.xcconfig */ = {isa = PBXFileReference; includeInIndex = 1; lastKnownFileType = text.xcconfig; name = "Pods-BookClub.debug.xcconfig"; path = "Pods/Target Support Files/Pods-BookClub/Pods-BookClub.debug.xcconfig"; sourceTree = "<group>"; };
		1CEEF721536BB870440E8210 /* Pods-BookClubUITests.release.xcconfig */ = {isa = PBXFileReference; includeInIndex = 1; lastKnownFileType = text.xcconfig; name = "Pods-BookClubUITests.release.xcconfig"; path = "Pods/Target Support Files/Pods-BookClubUITests/Pods-BookClubUITests.release.xcconfig"; sourceTree = "<group>"; };
		2286E767E58C3691CFA62286 /* Pods-BookClubUITests.debug.xcconfig */ = {isa = PBXFileReference; includeInIndex = 1; lastKnownFileType = text.xcconfig; name = "Pods-BookClubUITests.debug.xcconfig"; path = "Pods/Target Support Files/Pods-BookClubUITests/Pods-BookClubUITests.debug.xcconfig"; sourceTree = "<group>"; };
		69CA7C0D923B864B46F84195 /* Pods-BookClubTests.debug.xcconfig */ = {isa = PBXFileReference; includeInIndex = 1; lastKnownFileType = text.xcconfig; name = "Pods-BookClubTests.debug.xcconfig"; path = "Pods/Target Support Files/Pods-BookClubTests/Pods-BookClubTests.debug.xcconfig"; sourceTree = "<group>"; };
		7A78BA14E2E08901D8AFED57 /* Pods_BookClubTests.framework */ = {isa = PBXFileReference; explicitFileType = wrapper.framework; includeInIndex = 0; path = Pods_BookClubTests.framework; sourceTree = BUILT_PRODUCTS_DIR; };
		8184611CFD532990335FFF46 /* Pods_BookClub.framework */ = {isa = PBXFileReference; explicitFileType = wrapper.framework; includeInIndex = 0; path = Pods_BookClub.framework; sourceTree = BUILT_PRODUCTS_DIR; };
		9CC612F2C8F0E3AB11CDE384 /* Pods-BookClubTests.release.xcconfig */ = {isa = PBXFileReference; includeInIndex = 1; lastKnownFileType = text.xcconfig; name = "Pods-BookClubTests.release.xcconfig"; path = "Pods/Target Support Files/Pods-BookClubTests/Pods-BookClubTests.release.xcconfig"; sourceTree = "<group>"; };
		B9EE963A4BFE0EA1A6EBFAAC /* Pods-BookClub.release.xcconfig */ = {isa = PBXFileReference; includeInIndex = 1; lastKnownFileType = text.xcconfig; name = "Pods-BookClub.release.xcconfig"; path = "Pods/Target Support Files/Pods-BookClub/Pods-BookClub.release.xcconfig"; sourceTree = "<group>"; };
		D357425DEC14D601427CC204 /* Pods_BookClubUITests.framework */ = {isa = PBXFileReference; explicitFileType = wrapper.framework; includeInIndex = 0; path = Pods_BookClubUITests.framework; sourceTree = BUILT_PRODUCTS_DIR; };
		DB1318B71DC93EA5002F9EE5 /* LibraryAPIClientTests.swift */ = {isa = PBXFileReference; fileEncoding = 4; lastKnownFileType = sourcecode.swift; path = LibraryAPIClientTests.swift; sourceTree = "<group>"; };
		DB30844C1DC44D6300BD9A2A /* Reader.swift */ = {isa = PBXFileReference; fileEncoding = 4; lastKnownFileType = sourcecode.swift; path = Reader.swift; sourceTree = "<group>"; };
		DB42F90B1DC68F7400DEB6EB /* BookTableViewCell.swift */ = {isa = PBXFileReference; fileEncoding = 4; lastKnownFileType = sourcecode.swift; path = BookTableViewCell.swift; sourceTree = "<group>"; };
		DB42F90D1DC6A91F00DEB6EB /* BookCellTests.swift */ = {isa = PBXFileReference; fileEncoding = 4; lastKnownFileType = sourcecode.swift; path = BookCellTests.swift; sourceTree = "<group>"; };
		DB42F9101DC6C81E00DEB6EB /* BookDetailViewControllerTests.swift */ = {isa = PBXFileReference; fileEncoding = 4; lastKnownFileType = sourcecode.swift; path = BookDetailViewControllerTests.swift; sourceTree = "<group>"; };
		DB42F9121DC6C8A500DEB6EB /* BookDetailViewController.swift */ = {isa = PBXFileReference; fileEncoding = 4; lastKnownFileType = sourcecode.swift; path = BookDetailViewController.swift; sourceTree = "<group>"; };
		DB42F9161DC7017100DEB6EB /* CommentListDataProviderTests.swift */ = {isa = PBXFileReference; fileEncoding = 4; lastKnownFileType = sourcecode.swift; path = CommentListDataProviderTests.swift; sourceTree = "<group>"; };
		DB42F9181DC7029A00DEB6EB /* CommentListDataProvider.swift */ = {isa = PBXFileReference; fileEncoding = 4; lastKnownFileType = sourcecode.swift; path = CommentListDataProvider.swift; sourceTree = "<group>"; };
		DB42F91A1DC705C400DEB6EB /* Comment.swift */ = {isa = PBXFileReference; fileEncoding = 4; lastKnownFileType = sourcecode.swift; path = Comment.swift; sourceTree = "<group>"; };
		DB6F09191DC913C500C6E74C /* BookStore.swift */ = {isa = PBXFileReference; fileEncoding = 4; lastKnownFileType = sourcecode.swift; path = BookStore.swift; sourceTree = "<group>"; };
		DB6F091B1DC9202A00C6E74C /* BookStoreTests.swift */ = {isa = PBXFileReference; fileEncoding = 4; lastKnownFileType = sourcecode.swift; path = BookStoreTests.swift; sourceTree = "<group>"; };
		DB70C5D31DC7A07500171E15 /* CommentTableViewCell.swift */ = {isa = PBXFileReference; fileEncoding = 4; lastKnownFileType = sourcecode.swift; path = CommentTableViewCell.swift; sourceTree = "<group>"; };
		DB70C5D51DC7A95100171E15 /* CommentCellTests.swift */ = {isa = PBXFileReference; fileEncoding = 4; lastKnownFileType = sourcecode.swift; path = CommentCellTests.swift; sourceTree = "<group>"; };
		DB968B741DC26D24007A7037 /* BookClub.app */ = {isa = PBXFileReference; explicitFileType = wrapper.application; includeInIndex = 0; path = BookClub.app; sourceTree = BUILT_PRODUCTS_DIR; };
		DB968B771DC26D24007A7037 /* AppDelegate.swift */ = {isa = PBXFileReference; lastKnownFileType = sourcecode.swift; path = AppDelegate.swift; sourceTree = "<group>"; };
		DB968B7C1DC26D24007A7037 /* Base */ = {isa = PBXFileReference; lastKnownFileType = file.storyboard; name = Base; path = Base.lproj/Main.storyboard; sourceTree = "<group>"; };
		DB968B7E1DC26D24007A7037 /* Assets.xcassets */ = {isa = PBXFileReference; lastKnownFileType = folder.assetcatalog; path = Assets.xcassets; sourceTree = "<group>"; };
		DB968B811DC26D24007A7037 /* Base */ = {isa = PBXFileReference; lastKnownFileType = file.storyboard; name = Base; path = Base.lproj/LaunchScreen.storyboard; sourceTree = "<group>"; };
		DB968B831DC26D24007A7037 /* Info.plist */ = {isa = PBXFileReference; lastKnownFileType = text.plist.xml; path = Info.plist; sourceTree = "<group>"; };
		DB968B881DC26D24007A7037 /* BookClubTests.xctest */ = {isa = PBXFileReference; explicitFileType = wrapper.cfbundle; includeInIndex = 0; path = BookClubTests.xctest; sourceTree = BUILT_PRODUCTS_DIR; };
		DB968B8E1DC26D24007A7037 /* Info.plist */ = {isa = PBXFileReference; lastKnownFileType = text.plist.xml; path = Info.plist; sourceTree = "<group>"; };
		DB968B931DC26D24007A7037 /* BookClubUITests.xctest */ = {isa = PBXFileReference; explicitFileType = wrapper.cfbundle; includeInIndex = 0; path = BookClubUITests.xctest; sourceTree = BUILT_PRODUCTS_DIR; };
		DB968B991DC26D25007A7037 /* Info.plist */ = {isa = PBXFileReference; lastKnownFileType = text.plist.xml; path = Info.plist; sourceTree = "<group>"; };
		DB968BA61DC26FB5007A7037 /* BookTests.swift */ = {isa = PBXFileReference; fileEncoding = 4; lastKnownFileType = sourcecode.swift; path = BookTests.swift; sourceTree = "<group>"; };
		DB968BA81DC2705D007A7037 /* Book.swift */ = {isa = PBXFileReference; fileEncoding = 4; lastKnownFileType = sourcecode.swift; path = Book.swift; sourceTree = "<group>"; };
		DB968BAB1DC342FC007A7037 /* Constants.swift */ = {isa = PBXFileReference; fileEncoding = 4; lastKnownFileType = sourcecode.swift; path = Constants.swift; sourceTree = "<group>"; };
		DB968BB01DC3B6A0007A7037 /* LibraryAPIClient.swift */ = {isa = PBXFileReference; fileEncoding = 4; lastKnownFileType = sourcecode.swift; path = LibraryAPIClient.swift; sourceTree = "<group>"; };
		DBA34B4B1DC4D5560001D348 /* ReaderTests.swift */ = {isa = PBXFileReference; fileEncoding = 4; lastKnownFileType = sourcecode.swift; path = ReaderTests.swift; sourceTree = "<group>"; };
		DBA34B4E1DC4E39B0001D348 /* HomeViewControllerTests.swift */ = {isa = PBXFileReference; fileEncoding = 4; lastKnownFileType = sourcecode.swift; path = HomeViewControllerTests.swift; sourceTree = "<group>"; };
		DBA34B501DC4E3DE0001D348 /* HomeViewController.swift */ = {isa = PBXFileReference; fileEncoding = 4; lastKnownFileType = sourcecode.swift; path = HomeViewController.swift; sourceTree = "<group>"; };
		DBA34B521DC4E8AE0001D348 /* StoryboardTests.swift */ = {isa = PBXFileReference; fileEncoding = 4; lastKnownFileType = sourcecode.swift; path = StoryboardTests.swift; sourceTree = "<group>"; };
		DBA34B581DC4F2D60001D348 /* BookListDataProviderTests.swift */ = {isa = PBXFileReference; fileEncoding = 4; lastKnownFileType = sourcecode.swift; path = BookListDataProviderTests.swift; sourceTree = "<group>"; };
		DBA34B5A1DC4F31B0001D348 /* BookListDataProvider.swift */ = {isa = PBXFileReference; fileEncoding = 4; lastKnownFileType = sourcecode.swift; path = BookListDataProvider.swift; sourceTree = "<group>"; };
		DBA34B611DC525D80001D348 /* BookCollectionViewCell.swift */ = {isa = PBXFileReference; fileEncoding = 4; lastKnownFileType = sourcecode.swift; path = BookCollectionViewCell.swift; sourceTree = "<group>"; };
		DBE157AF1DCC491D0063A0D7 /* GoogleService-Info.plist */ = {isa = PBXFileReference; fileEncoding = 4; lastKnownFileType = text.plist.xml; path = "GoogleService-Info.plist"; sourceTree = "<group>"; };
		DBE157B11DCC4CF80063A0D7 /* LoginViewController.swift */ = {isa = PBXFileReference; fileEncoding = 4; lastKnownFileType = sourcecode.swift; path = LoginViewController.swift; sourceTree = "<group>"; };
		DBE157B51DCC647A0063A0D7 /* BookClub.entitlements */ = {isa = PBXFileReference; lastKnownFileType = text.plist.entitlements; path = BookClub.entitlements; sourceTree = "<group>"; };
		DBE157B61DCC657C0063A0D7 /* FirebaseAuthenticator.swift */ = {isa = PBXFileReference; fileEncoding = 4; lastKnownFileType = sourcecode.swift; path = FirebaseAuthenticator.swift; sourceTree = "<group>"; };
/* End PBXFileReference section */

/* Begin PBXFrameworksBuildPhase section */
		DB968B711DC26D23007A7037 /* Frameworks */ = {
			isa = PBXFrameworksBuildPhase;
			buildActionMask = 2147483647;
			files = (
				0C33E71F837D702244A92F36 /* Pods_BookClub.framework in Frameworks */,
			);
			runOnlyForDeploymentPostprocessing = 0;
		};
		DB968B851DC26D24007A7037 /* Frameworks */ = {
			isa = PBXFrameworksBuildPhase;
			buildActionMask = 2147483647;
			files = (
				428C98C7E75070211A505B0C /* Pods_BookClubTests.framework in Frameworks */,
			);
			runOnlyForDeploymentPostprocessing = 0;
		};
		DB968B901DC26D24007A7037 /* Frameworks */ = {
			isa = PBXFrameworksBuildPhase;
			buildActionMask = 2147483647;
			files = (
				17E59B75DDCEBEBF023AE725 /* Pods_BookClubUITests.framework in Frameworks */,
			);
			runOnlyForDeploymentPostprocessing = 0;
		};
/* End PBXFrameworksBuildPhase section */

/* Begin PBXGroup section */
		7823EE690AE93030EFA61C79 /* Pods */ = {
			isa = PBXGroup;
			children = (
				1AFD730938430DC698624D6E /* Pods-BookClub.debug.xcconfig */,
				B9EE963A4BFE0EA1A6EBFAAC /* Pods-BookClub.release.xcconfig */,
				69CA7C0D923B864B46F84195 /* Pods-BookClubTests.debug.xcconfig */,
				9CC612F2C8F0E3AB11CDE384 /* Pods-BookClubTests.release.xcconfig */,
				2286E767E58C3691CFA62286 /* Pods-BookClubUITests.debug.xcconfig */,
				1CEEF721536BB870440E8210 /* Pods-BookClubUITests.release.xcconfig */,
			);
			name = Pods;
			sourceTree = "<group>";
		};
		9B15AA4A522C7FB4AB751A41 /* Frameworks */ = {
			isa = PBXGroup;
			children = (
				8184611CFD532990335FFF46 /* Pods_BookClub.framework */,
				7A78BA14E2E08901D8AFED57 /* Pods_BookClubTests.framework */,
				D357425DEC14D601427CC204 /* Pods_BookClubUITests.framework */,
			);
			name = Frameworks;
			sourceTree = "<group>";
		};
		DB42F90F1DC6BE1100DEB6EB /* View */ = {
			isa = PBXGroup;
			children = (
				DB42F90D1DC6A91F00DEB6EB /* BookCellTests.swift */,
				DB70C5D51DC7A95100171E15 /* CommentCellTests.swift */,
			);
			name = View;
			sourceTree = "<group>";
		};
		DB968B6B1DC26D23007A7037 = {
			isa = PBXGroup;
			children = (
				DB968B761DC26D24007A7037 /* BookClub */,
				DB968B8B1DC26D24007A7037 /* BookClubTests */,
				DB968B961DC26D24007A7037 /* BookClubUITests */,
				DB968B751DC26D24007A7037 /* Products */,
				7823EE690AE93030EFA61C79 /* Pods */,
				9B15AA4A522C7FB4AB751A41 /* Frameworks */,
			);
			sourceTree = "<group>";
		};
		DB968B751DC26D24007A7037 /* Products */ = {
			isa = PBXGroup;
			children = (
				DB968B741DC26D24007A7037 /* BookClub.app */,
				DB968B881DC26D24007A7037 /* BookClubTests.xctest */,
				DB968B931DC26D24007A7037 /* BookClubUITests.xctest */,
			);
			name = Products;
			sourceTree = "<group>";
		};
		DB968B761DC26D24007A7037 /* BookClub */ = {
			isa = PBXGroup;
			children = (
				DBE157B51DCC647A0063A0D7 /* BookClub.entitlements */,
				DB968BA51DC26D47007A7037 /* Supporting Files */,
				DB968BAA1DC341F5007A7037 /* Model */,
				DBA34B541DC4EAEC0001D348 /* Controller */,
				DBA34B601DC5254B0001D348 /* View */,
				DB6F09191DC913C500C6E74C /* BookStore.swift */,
			);
			path = BookClub;
			sourceTree = "<group>";
		};
		DB968B8B1DC26D24007A7037 /* BookClubTests */ = {
			isa = PBXGroup;
			children = (
				DB968B8E1DC26D24007A7037 /* Info.plist */,
				DBA34B4D1DC4E35B0001D348 /* Model */,
				DBA34B551DC4EB050001D348 /* Controller */,
				DB42F90F1DC6BE1100DEB6EB /* View */,
				DB6F091B1DC9202A00C6E74C /* BookStoreTests.swift */,
			);
			path = BookClubTests;
			sourceTree = SOURCE_ROOT;
		};
		DB968B961DC26D24007A7037 /* BookClubUITests */ = {
			isa = PBXGroup;
			children = (
				DB968B991DC26D25007A7037 /* Info.plist */,
			);
			path = BookClubUITests;
			sourceTree = "<group>";
		};
		DB968BA51DC26D47007A7037 /* Supporting Files */ = {
			isa = PBXGroup;
			children = (
				DB968B771DC26D24007A7037 /* AppDelegate.swift */,
				DB968B7B1DC26D24007A7037 /* Main.storyboard */,
				DB968B7E1DC26D24007A7037 /* Assets.xcassets */,
				DB968B801DC26D24007A7037 /* LaunchScreen.storyboard */,
				DB968B831DC26D24007A7037 /* Info.plist */,
				DBE157AF1DCC491D0063A0D7 /* GoogleService-Info.plist */,
				DB968BAB1DC342FC007A7037 /* Constants.swift */,
			);
			name = "Supporting Files";
			sourceTree = "<group>";
		};
		DB968BAA1DC341F5007A7037 /* Model */ = {
			isa = PBXGroup;
			children = (
				DB968BA81DC2705D007A7037 /* Book.swift */,
				DB968BB01DC3B6A0007A7037 /* LibraryAPIClient.swift */,
				DB30844C1DC44D6300BD9A2A /* Reader.swift */,
				DB42F91A1DC705C400DEB6EB /* Comment.swift */,
				DBE157B61DCC657C0063A0D7 /* FirebaseAuthenticator.swift */,
			);
			name = Model;
			sourceTree = "<group>";
		};
		DBA34B4D1DC4E35B0001D348 /* Model */ = {
			isa = PBXGroup;
			children = (
				DB968BA61DC26FB5007A7037 /* BookTests.swift */,
				DBA34B4B1DC4D5560001D348 /* ReaderTests.swift */,
				DB1318B71DC93EA5002F9EE5 /* LibraryAPIClientTests.swift */,
			);
			name = Model;
			sourceTree = "<group>";
		};
		DBA34B541DC4EAEC0001D348 /* Controller */ = {
			isa = PBXGroup;
			children = (
				DBA34B501DC4E3DE0001D348 /* HomeViewController.swift */,
				DBA34B5A1DC4F31B0001D348 /* BookListDataProvider.swift */,
				DB42F9121DC6C8A500DEB6EB /* BookDetailViewController.swift */,
				DB42F9181DC7029A00DEB6EB /* CommentListDataProvider.swift */,
				DBE157B11DCC4CF80063A0D7 /* LoginViewController.swift */,
			);
			name = Controller;
			sourceTree = "<group>";
		};
		DBA34B551DC4EB050001D348 /* Controller */ = {
			isa = PBXGroup;
			children = (
				DBA34B4E1DC4E39B0001D348 /* HomeViewControllerTests.swift */,
				DBA34B521DC4E8AE0001D348 /* StoryboardTests.swift */,
				DB42F9101DC6C81E00DEB6EB /* BookDetailViewControllerTests.swift */,
				DBA34B581DC4F2D60001D348 /* BookListDataProviderTests.swift */,
				DB42F9161DC7017100DEB6EB /* CommentListDataProviderTests.swift */,
			);
			name = Controller;
			sourceTree = "<group>";
		};
		DBA34B601DC5254B0001D348 /* View */ = {
			isa = PBXGroup;
			children = (
				DBA34B611DC525D80001D348 /* BookCollectionViewCell.swift */,
				DB42F90B1DC68F7400DEB6EB /* BookTableViewCell.swift */,
				DB70C5D31DC7A07500171E15 /* CommentTableViewCell.swift */,
			);
			name = View;
			sourceTree = "<group>";
		};
/* End PBXGroup section */

/* Begin PBXNativeTarget section */
		DB968B731DC26D23007A7037 /* BookClub */ = {
			isa = PBXNativeTarget;
			buildConfigurationList = DB968B9C1DC26D25007A7037 /* Build configuration list for PBXNativeTarget "BookClub" */;
			buildPhases = (
				976E7E9166CA6152FD1F4F9D /* [CP] Check Pods Manifest.lock */,
				DB968B701DC26D23007A7037 /* Sources */,
				DB968B711DC26D23007A7037 /* Frameworks */,
				DB968B721DC26D23007A7037 /* Resources */,
				5A9FE745D0176DA9E546332D /* [CP] Embed Pods Frameworks */,
				311208EB123CFA9C96861844 /* [CP] Copy Pods Resources */,
			);
			buildRules = (
			);
			dependencies = (
			);
			name = BookClub;
			productName = BookClub;
			productReference = DB968B741DC26D24007A7037 /* BookClub.app */;
			productType = "com.apple.product-type.application";
		};
		DB968B871DC26D24007A7037 /* BookClubTests */ = {
			isa = PBXNativeTarget;
			buildConfigurationList = DB968B9F1DC26D25007A7037 /* Build configuration list for PBXNativeTarget "BookClubTests" */;
			buildPhases = (
				3FE2311448E51C8328C3FFAD /* [CP] Check Pods Manifest.lock */,
				DB968B841DC26D24007A7037 /* Sources */,
				DB968B851DC26D24007A7037 /* Frameworks */,
				DB968B861DC26D24007A7037 /* Resources */,
				276D90E637897ABD2339D615 /* [CP] Embed Pods Frameworks */,
				852ED66A20068D44486E19BB /* [CP] Copy Pods Resources */,
			);
			buildRules = (
			);
			dependencies = (
				DB968B8A1DC26D24007A7037 /* PBXTargetDependency */,
			);
			name = BookClubTests;
			productName = BookClubTests;
			productReference = DB968B881DC26D24007A7037 /* BookClubTests.xctest */;
			productType = "com.apple.product-type.bundle.unit-test";
		};
		DB968B921DC26D24007A7037 /* BookClubUITests */ = {
			isa = PBXNativeTarget;
			buildConfigurationList = DB968BA21DC26D25007A7037 /* Build configuration list for PBXNativeTarget "BookClubUITests" */;
			buildPhases = (
				9CAD3D57D4799794CF1980AF /* [CP] Check Pods Manifest.lock */,
				DB968B8F1DC26D24007A7037 /* Sources */,
				DB968B901DC26D24007A7037 /* Frameworks */,
				DB968B911DC26D24007A7037 /* Resources */,
				3787D1EE1A0428F9C0D29F4A /* [CP] Copy Pods Resources */,
			);
			buildRules = (
			);
			dependencies = (
				DB968B951DC26D24007A7037 /* PBXTargetDependency */,
			);
			name = BookClubUITests;
			productName = BookClubUITests;
			productReference = DB968B931DC26D24007A7037 /* BookClubUITests.xctest */;
			productType = "com.apple.product-type.bundle.ui-testing";
		};
/* End PBXNativeTarget section */

/* Begin PBXProject section */
		DB968B6C1DC26D23007A7037 /* Project object */ = {
			isa = PBXProject;
			attributes = {
				LastSwiftUpdateCheck = 0800;
				LastUpgradeCheck = 0810;
				ORGANIZATIONNAME = "Yemi Ajibola";
				TargetAttributes = {
					DB968B731DC26D23007A7037 = {
						CreatedOnToolsVersion = 8.0;
						DevelopmentTeam = G4YGRUL9T2;
						ProvisioningStyle = Automatic;
						SystemCapabilities = {
							com.apple.Keychain = {
								enabled = 1;
							};
						};
					};
					DB968B871DC26D24007A7037 = {
						CreatedOnToolsVersion = 8.0;
						DevelopmentTeam = G4YGRUL9T2;
						LastSwiftMigration = 0800;
						ProvisioningStyle = Automatic;
						TestTargetID = DB968B731DC26D23007A7037;
					};
					DB968B921DC26D24007A7037 = {
						CreatedOnToolsVersion = 8.0;
						DevelopmentTeam = G4YGRUL9T2;
						ProvisioningStyle = Automatic;
						TestTargetID = DB968B731DC26D23007A7037;
					};
				};
			};
			buildConfigurationList = DB968B6F1DC26D23007A7037 /* Build configuration list for PBXProject "BookClub" */;
			compatibilityVersion = "Xcode 3.2";
			developmentRegion = English;
			hasScannedForEncodings = 0;
			knownRegions = (
				en,
				Base,
			);
			mainGroup = DB968B6B1DC26D23007A7037;
			productRefGroup = DB968B751DC26D24007A7037 /* Products */;
			projectDirPath = "";
			projectRoot = "";
			targets = (
				DB968B731DC26D23007A7037 /* BookClub */,
				DB968B871DC26D24007A7037 /* BookClubTests */,
				DB968B921DC26D24007A7037 /* BookClubUITests */,
			);
		};
/* End PBXProject section */

/* Begin PBXResourcesBuildPhase section */
		DB968B721DC26D23007A7037 /* Resources */ = {
			isa = PBXResourcesBuildPhase;
			buildActionMask = 2147483647;
			files = (
				DB968B821DC26D24007A7037 /* LaunchScreen.storyboard in Resources */,
				DB968B7F1DC26D24007A7037 /* Assets.xcassets in Resources */,
				DB968B7D1DC26D24007A7037 /* Main.storyboard in Resources */,
				DBE157B01DCC491D0063A0D7 /* GoogleService-Info.plist in Resources */,
			);
			runOnlyForDeploymentPostprocessing = 0;
		};
		DB968B861DC26D24007A7037 /* Resources */ = {
			isa = PBXResourcesBuildPhase;
			buildActionMask = 2147483647;
			files = (
			);
			runOnlyForDeploymentPostprocessing = 0;
		};
		DB968B911DC26D24007A7037 /* Resources */ = {
			isa = PBXResourcesBuildPhase;
			buildActionMask = 2147483647;
			files = (
			);
			runOnlyForDeploymentPostprocessing = 0;
		};
/* End PBXResourcesBuildPhase section */

/* Begin PBXShellScriptBuildPhase section */
		276D90E637897ABD2339D615 /* [CP] Embed Pods Frameworks */ = {
			isa = PBXShellScriptBuildPhase;
			buildActionMask = 2147483647;
			files = (
			);
			inputPaths = (
			);
			name = "[CP] Embed Pods Frameworks";
			outputPaths = (
			);
			runOnlyForDeploymentPostprocessing = 0;
			shellPath = /bin/sh;
			shellScript = "\"${SRCROOT}/Pods/Target Support Files/Pods-BookClubTests/Pods-BookClubTests-frameworks.sh\"\n";
			showEnvVarsInLog = 0;
		};
		311208EB123CFA9C96861844 /* [CP] Copy Pods Resources */ = {
			isa = PBXShellScriptBuildPhase;
			buildActionMask = 2147483647;
			files = (
			);
			inputPaths = (
			);
			name = "[CP] Copy Pods Resources";
			outputPaths = (
			);
			runOnlyForDeploymentPostprocessing = 0;
			shellPath = /bin/sh;
			shellScript = "\"${SRCROOT}/Pods/Target Support Files/Pods-BookClub/Pods-BookClub-resources.sh\"\n";
			showEnvVarsInLog = 0;
		};
		3787D1EE1A0428F9C0D29F4A /* [CP] Copy Pods Resources */ = {
			isa = PBXShellScriptBuildPhase;
			buildActionMask = 2147483647;
			files = (
			);
			inputPaths = (
			);
			name = "[CP] Copy Pods Resources";
			outputPaths = (
			);
			runOnlyForDeploymentPostprocessing = 0;
			shellPath = /bin/sh;
			shellScript = "\"${SRCROOT}/Pods/Target Support Files/Pods-BookClubUITests/Pods-BookClubUITests-resources.sh\"\n";
			showEnvVarsInLog = 0;
		};
		3FE2311448E51C8328C3FFAD /* [CP] Check Pods Manifest.lock */ = {
			isa = PBXShellScriptBuildPhase;
			buildActionMask = 2147483647;
			files = (
			);
			inputPaths = (
			);
			name = "[CP] Check Pods Manifest.lock";
			outputPaths = (
			);
			runOnlyForDeploymentPostprocessing = 0;
			shellPath = /bin/sh;
			shellScript = "diff \"${PODS_ROOT}/../Podfile.lock\" \"${PODS_ROOT}/Manifest.lock\" > /dev/null\nif [[ $? != 0 ]] ; then\n    cat << EOM\nerror: The sandbox is not in sync with the Podfile.lock. Run 'pod install' or update your CocoaPods installation.\nEOM\n    exit 1\nfi\n";
			showEnvVarsInLog = 0;
		};
		5A9FE745D0176DA9E546332D /* [CP] Embed Pods Frameworks */ = {
			isa = PBXShellScriptBuildPhase;
			buildActionMask = 2147483647;
			files = (
			);
			inputPaths = (
			);
			name = "[CP] Embed Pods Frameworks";
			outputPaths = (
			);
			runOnlyForDeploymentPostprocessing = 0;
			shellPath = /bin/sh;
			shellScript = "\"${SRCROOT}/Pods/Target Support Files/Pods-BookClub/Pods-BookClub-frameworks.sh\"\n";
			showEnvVarsInLog = 0;
		};
		852ED66A20068D44486E19BB /* [CP] Copy Pods Resources */ = {
			isa = PBXShellScriptBuildPhase;
			buildActionMask = 2147483647;
			files = (
			);
			inputPaths = (
			);
			name = "[CP] Copy Pods Resources";
			outputPaths = (
			);
			runOnlyForDeploymentPostprocessing = 0;
			shellPath = /bin/sh;
			shellScript = "\"${SRCROOT}/Pods/Target Support Files/Pods-BookClubTests/Pods-BookClubTests-resources.sh\"\n";
			showEnvVarsInLog = 0;
		};
		976E7E9166CA6152FD1F4F9D /* [CP] Check Pods Manifest.lock */ = {
			isa = PBXShellScriptBuildPhase;
			buildActionMask = 2147483647;
			files = (
			);
			inputPaths = (
			);
			name = "[CP] Check Pods Manifest.lock";
			outputPaths = (
			);
			runOnlyForDeploymentPostprocessing = 0;
			shellPath = /bin/sh;
			shellScript = "diff \"${PODS_ROOT}/../Podfile.lock\" \"${PODS_ROOT}/Manifest.lock\" > /dev/null\nif [[ $? != 0 ]] ; then\n    cat << EOM\nerror: The sandbox is not in sync with the Podfile.lock. Run 'pod install' or update your CocoaPods installation.\nEOM\n    exit 1\nfi\n";
			showEnvVarsInLog = 0;
		};
		9CAD3D57D4799794CF1980AF /* [CP] Check Pods Manifest.lock */ = {
			isa = PBXShellScriptBuildPhase;
			buildActionMask = 2147483647;
			files = (
			);
			inputPaths = (
			);
			name = "[CP] Check Pods Manifest.lock";
			outputPaths = (
			);
			runOnlyForDeploymentPostprocessing = 0;
			shellPath = /bin/sh;
			shellScript = "diff \"${PODS_ROOT}/../Podfile.lock\" \"${PODS_ROOT}/Manifest.lock\" > /dev/null\nif [[ $? != 0 ]] ; then\n    cat << EOM\nerror: The sandbox is not in sync with the Podfile.lock. Run 'pod install' or update your CocoaPods installation.\nEOM\n    exit 1\nfi\n";
			showEnvVarsInLog = 0;
		};
/* End PBXShellScriptBuildPhase section */

/* Begin PBXSourcesBuildPhase section */
		DB968B701DC26D23007A7037 /* Sources */ = {
			isa = PBXSourcesBuildPhase;
			buildActionMask = 2147483647;
			files = (
				DB968BA91DC2705D007A7037 /* Book.swift in Sources */,
				DBA34B621DC525D80001D348 /* BookCollectionViewCell.swift in Sources */,
				DBE157B71DCC657C0063A0D7 /* FirebaseAuthenticator.swift in Sources */,
				DB968B781DC26D24007A7037 /* AppDelegate.swift in Sources */,
				DBE157B21DCC4CF80063A0D7 /* LoginViewController.swift in Sources */,
				DB30844D1DC44D6300BD9A2A /* Reader.swift in Sources */,
				DB42F9131DC6C8A500DEB6EB /* BookDetailViewController.swift in Sources */,
				DB42F9191DC7029A00DEB6EB /* CommentListDataProvider.swift in Sources */,
				DB6F091A1DC913C500C6E74C /* BookStore.swift in Sources */,
				DB42F90C1DC68F7400DEB6EB /* BookTableViewCell.swift in Sources */,
				DB42F91B1DC705C400DEB6EB /* Comment.swift in Sources */,
				DB70C5D41DC7A07500171E15 /* CommentTableViewCell.swift in Sources */,
				DB968BAC1DC342FC007A7037 /* Constants.swift in Sources */,
				DB968BB11DC3B6A0007A7037 /* LibraryAPIClient.swift in Sources */,
				DBA34B511DC4E3DE0001D348 /* HomeViewController.swift in Sources */,
				DBA34B5B1DC4F31B0001D348 /* BookListDataProvider.swift in Sources */,
			);
			runOnlyForDeploymentPostprocessing = 0;
		};
		DB968B841DC26D24007A7037 /* Sources */ = {
			isa = PBXSourcesBuildPhase;
			buildActionMask = 2147483647;
			files = (
				DB968BA71DC26FB5007A7037 /* BookTests.swift in Sources */,
				DB42F9171DC7017100DEB6EB /* CommentListDataProviderTests.swift in Sources */,
				DBA34B591DC4F2D60001D348 /* BookListDataProviderTests.swift in Sources */,
				DB70C5D61DC7A95100171E15 /* CommentCellTests.swift in Sources */,
				DB42F90E1DC6A91F00DEB6EB /* BookCellTests.swift in Sources */,
				DBA34B531DC4E8AE0001D348 /* StoryboardTests.swift in Sources */,
				DB6F091C1DC9202A00C6E74C /* BookStoreTests.swift in Sources */,
				DB1318B81DC93EA5002F9EE5 /* LibraryAPIClientTests.swift in Sources */,
				DBA34B4C1DC4D5560001D348 /* ReaderTests.swift in Sources */,
				DB42F9111DC6C81E00DEB6EB /* BookDetailViewControllerTests.swift in Sources */,
				DBA34B4F1DC4E39B0001D348 /* HomeViewControllerTests.swift in Sources */,
			);
			runOnlyForDeploymentPostprocessing = 0;
		};
		DB968B8F1DC26D24007A7037 /* Sources */ = {
			isa = PBXSourcesBuildPhase;
			buildActionMask = 2147483647;
			files = (
			);
			runOnlyForDeploymentPostprocessing = 0;
		};
/* End PBXSourcesBuildPhase section */

/* Begin PBXTargetDependency section */
		DB968B8A1DC26D24007A7037 /* PBXTargetDependency */ = {
			isa = PBXTargetDependency;
			target = DB968B731DC26D23007A7037 /* BookClub */;
			targetProxy = DB968B891DC26D24007A7037 /* PBXContainerItemProxy */;
		};
		DB968B951DC26D24007A7037 /* PBXTargetDependency */ = {
			isa = PBXTargetDependency;
			target = DB968B731DC26D23007A7037 /* BookClub */;
			targetProxy = DB968B941DC26D24007A7037 /* PBXContainerItemProxy */;
		};
/* End PBXTargetDependency section */

/* Begin PBXVariantGroup section */
		DB968B7B1DC26D24007A7037 /* Main.storyboard */ = {
			isa = PBXVariantGroup;
			children = (
				DB968B7C1DC26D24007A7037 /* Base */,
			);
			name = Main.storyboard;
			sourceTree = "<group>";
		};
		DB968B801DC26D24007A7037 /* LaunchScreen.storyboard */ = {
			isa = PBXVariantGroup;
			children = (
				DB968B811DC26D24007A7037 /* Base */,
			);
			name = LaunchScreen.storyboard;
			sourceTree = "<group>";
		};
/* End PBXVariantGroup section */

/* Begin XCBuildConfiguration section */
		DB968B9A1DC26D25007A7037 /* Debug */ = {
			isa = XCBuildConfiguration;
			buildSettings = {
				ALWAYS_SEARCH_USER_PATHS = NO;
				CLANG_ANALYZER_NONNULL = YES;
				CLANG_CXX_LANGUAGE_STANDARD = "gnu++0x";
				CLANG_CXX_LIBRARY = "libc++";
				CLANG_ENABLE_MODULES = YES;
				CLANG_ENABLE_OBJC_ARC = YES;
				CLANG_WARN_BOOL_CONVERSION = YES;
				CLANG_WARN_CONSTANT_CONVERSION = YES;
				CLANG_WARN_DIRECT_OBJC_ISA_USAGE = YES_ERROR;
				CLANG_WARN_DOCUMENTATION_COMMENTS = YES;
				CLANG_WARN_EMPTY_BODY = YES;
				CLANG_WARN_ENUM_CONVERSION = YES;
				CLANG_WARN_INFINITE_RECURSION = YES;
				CLANG_WARN_INT_CONVERSION = YES;
				CLANG_WARN_OBJC_ROOT_CLASS = YES_ERROR;
				CLANG_WARN_SUSPICIOUS_MOVE = YES;
				CLANG_WARN_SUSPICIOUS_MOVES = YES;
				CLANG_WARN_UNREACHABLE_CODE = YES;
				CLANG_WARN__DUPLICATE_METHOD_MATCH = YES;
				"CODE_SIGN_IDENTITY[sdk=iphoneos*]" = "iPhone Developer";
				COPY_PHASE_STRIP = NO;
				DEBUG_INFORMATION_FORMAT = dwarf;
				ENABLE_STRICT_OBJC_MSGSEND = YES;
				ENABLE_TESTABILITY = YES;
				GCC_C_LANGUAGE_STANDARD = gnu99;
				GCC_DYNAMIC_NO_PIC = NO;
				GCC_NO_COMMON_BLOCKS = YES;
				GCC_OPTIMIZATION_LEVEL = 0;
				GCC_PREPROCESSOR_DEFINITIONS = (
					"DEBUG=1",
					"$(inherited)",
				);
				GCC_WARN_64_TO_32_BIT_CONVERSION = YES;
				GCC_WARN_ABOUT_RETURN_TYPE = YES_ERROR;
				GCC_WARN_UNDECLARED_SELECTOR = YES;
				GCC_WARN_UNINITIALIZED_AUTOS = YES_AGGRESSIVE;
				GCC_WARN_UNUSED_FUNCTION = YES;
				GCC_WARN_UNUSED_VARIABLE = YES;
				IPHONEOS_DEPLOYMENT_TARGET = 10.0;
				MTL_ENABLE_DEBUG_INFO = YES;
				ONLY_ACTIVE_ARCH = YES;
				SDKROOT = iphoneos;
				SWIFT_ACTIVE_COMPILATION_CONDITIONS = DEBUG;
				SWIFT_OPTIMIZATION_LEVEL = "-Onone";
			};
			name = Debug;
		};
		DB968B9B1DC26D25007A7037 /* Release */ = {
			isa = XCBuildConfiguration;
			buildSettings = {
				ALWAYS_SEARCH_USER_PATHS = NO;
				CLANG_ANALYZER_NONNULL = YES;
				CLANG_CXX_LANGUAGE_STANDARD = "gnu++0x";
				CLANG_CXX_LIBRARY = "libc++";
				CLANG_ENABLE_MODULES = YES;
				CLANG_ENABLE_OBJC_ARC = YES;
				CLANG_WARN_BOOL_CONVERSION = YES;
				CLANG_WARN_CONSTANT_CONVERSION = YES;
				CLANG_WARN_DIRECT_OBJC_ISA_USAGE = YES_ERROR;
				CLANG_WARN_DOCUMENTATION_COMMENTS = YES;
				CLANG_WARN_EMPTY_BODY = YES;
				CLANG_WARN_ENUM_CONVERSION = YES;
				CLANG_WARN_INFINITE_RECURSION = YES;
				CLANG_WARN_INT_CONVERSION = YES;
				CLANG_WARN_OBJC_ROOT_CLASS = YES_ERROR;
				CLANG_WARN_SUSPICIOUS_MOVE = YES;
				CLANG_WARN_SUSPICIOUS_MOVES = YES;
				CLANG_WARN_UNREACHABLE_CODE = YES;
				CLANG_WARN__DUPLICATE_METHOD_MATCH = YES;
				"CODE_SIGN_IDENTITY[sdk=iphoneos*]" = "iPhone Developer";
				COPY_PHASE_STRIP = NO;
				DEBUG_INFORMATION_FORMAT = "dwarf-with-dsym";
				ENABLE_NS_ASSERTIONS = NO;
				ENABLE_STRICT_OBJC_MSGSEND = YES;
				GCC_C_LANGUAGE_STANDARD = gnu99;
				GCC_NO_COMMON_BLOCKS = YES;
				GCC_WARN_64_TO_32_BIT_CONVERSION = YES;
				GCC_WARN_ABOUT_RETURN_TYPE = YES_ERROR;
				GCC_WARN_UNDECLARED_SELECTOR = YES;
				GCC_WARN_UNINITIALIZED_AUTOS = YES_AGGRESSIVE;
				GCC_WARN_UNUSED_FUNCTION = YES;
				GCC_WARN_UNUSED_VARIABLE = YES;
				IPHONEOS_DEPLOYMENT_TARGET = 10.0;
				MTL_ENABLE_DEBUG_INFO = NO;
				SDKROOT = iphoneos;
				SWIFT_OPTIMIZATION_LEVEL = "-Owholemodule";
				VALIDATE_PRODUCT = YES;
			};
			name = Release;
		};
		DB968B9D1DC26D25007A7037 /* Debug */ = {
			isa = XCBuildConfiguration;
			baseConfigurationReference = 1AFD730938430DC698624D6E /* Pods-BookClub.debug.xcconfig */;
			buildSettings = {
				ASSETCATALOG_COMPILER_APPICON_NAME = AppIcon;
				CODE_SIGN_ENTITLEMENTS = BookClub/BookClub.entitlements;
				DEVELOPMENT_TEAM = G4YGRUL9T2;
				INFOPLIST_FILE = BookClub/Info.plist;
				LD_RUNPATH_SEARCH_PATHS = "$(inherited) @executable_path/Frameworks";
				PRODUCT_BUNDLE_IDENTIFIER = com.YemiAjibola.BookClub;
				PRODUCT_NAME = "$(TARGET_NAME)";
				SWIFT_VERSION = 3.0;
			};
			name = Debug;
		};
		DB968B9E1DC26D25007A7037 /* Release */ = {
			isa = XCBuildConfiguration;
			baseConfigurationReference = B9EE963A4BFE0EA1A6EBFAAC /* Pods-BookClub.release.xcconfig */;
			buildSettings = {
				ASSETCATALOG_COMPILER_APPICON_NAME = AppIcon;
				CODE_SIGN_ENTITLEMENTS = BookClub/BookClub.entitlements;
				DEVELOPMENT_TEAM = G4YGRUL9T2;
				INFOPLIST_FILE = BookClub/Info.plist;
				LD_RUNPATH_SEARCH_PATHS = "$(inherited) @executable_path/Frameworks";
				PRODUCT_BUNDLE_IDENTIFIER = com.YemiAjibola.BookClub;
				PRODUCT_NAME = "$(TARGET_NAME)";
				SWIFT_VERSION = 3.0;
			};
			name = Release;
		};
		DB968BA01DC26D25007A7037 /* Debug */ = {
			isa = XCBuildConfiguration;
			baseConfigurationReference = 69CA7C0D923B864B46F84195 /* Pods-BookClubTests.debug.xcconfig */;
			buildSettings = {
				ALWAYS_EMBED_SWIFT_STANDARD_LIBRARIES = YES;
				BUNDLE_LOADER = "$(TEST_HOST)";
				CLANG_ENABLE_MODULES = YES;
				DEVELOPMENT_TEAM = G4YGRUL9T2;
				INFOPLIST_FILE = BookClubTests/Info.plist;
				LD_RUNPATH_SEARCH_PATHS = "$(inherited) @executable_path/Frameworks @loader_path/Frameworks";
				PRODUCT_BUNDLE_IDENTIFIER = com.YemiAjibola.BookClubTests;
				PRODUCT_NAME = "$(TARGET_NAME)";
				SWIFT_OPTIMIZATION_LEVEL = "-Onone";
				SWIFT_VERSION = 3.0;
				TEST_HOST = "$(BUILT_PRODUCTS_DIR)/BookClub.app/BookClub";
			};
			name = Debug;
		};
		DB968BA11DC26D25007A7037 /* Release */ = {
			isa = XCBuildConfiguration;
			baseConfigurationReference = 9CC612F2C8F0E3AB11CDE384 /* Pods-BookClubTests.release.xcconfig */;
			buildSettings = {
				ALWAYS_EMBED_SWIFT_STANDARD_LIBRARIES = YES;
				BUNDLE_LOADER = "$(TEST_HOST)";
				CLANG_ENABLE_MODULES = YES;
				DEVELOPMENT_TEAM = G4YGRUL9T2;
				INFOPLIST_FILE = BookClubTests/Info.plist;
				LD_RUNPATH_SEARCH_PATHS = "$(inherited) @executable_path/Frameworks @loader_path/Frameworks";
				PRODUCT_BUNDLE_IDENTIFIER = com.YemiAjibola.BookClubTests;
				PRODUCT_NAME = "$(TARGET_NAME)";
				SWIFT_VERSION = 3.0;
				TEST_HOST = "$(BUILT_PRODUCTS_DIR)/BookClub.app/BookClub";
			};
			name = Release;
		};
		DB968BA31DC26D25007A7037 /* Debug */ = {
			isa = XCBuildConfiguration;
			baseConfigurationReference = 2286E767E58C3691CFA62286 /* Pods-BookClubUITests.debug.xcconfig */;
			buildSettings = {
				ALWAYS_EMBED_SWIFT_STANDARD_LIBRARIES = YES;
				DEVELOPMENT_TEAM = G4YGRUL9T2;
				INFOPLIST_FILE = BookClubUITests/Info.plist;
				LD_RUNPATH_SEARCH_PATHS = "$(inherited) @executable_path/Frameworks @loader_path/Frameworks";
				PRODUCT_BUNDLE_IDENTIFIER = com.YemiAjibola.BookClubUITests;
				PRODUCT_NAME = "$(TARGET_NAME)";
				SWIFT_VERSION = 3.0;
				TEST_TARGET_NAME = BookClub;
			};
			name = Debug;
		};
		DB968BA41DC26D25007A7037 /* Release */ = {
			isa = XCBuildConfiguration;
			baseConfigurationReference = 1CEEF721536BB870440E8210 /* Pods-BookClubUITests.release.xcconfig */;
			buildSettings = {
				ALWAYS_EMBED_SWIFT_STANDARD_LIBRARIES = YES;
				DEVELOPMENT_TEAM = G4YGRUL9T2;
				INFOPLIST_FILE = BookClubUITests/Info.plist;
				LD_RUNPATH_SEARCH_PATHS = "$(inherited) @executable_path/Frameworks @loader_path/Frameworks";
				PRODUCT_BUNDLE_IDENTIFIER = com.YemiAjibola.BookClubUITests;
				PRODUCT_NAME = "$(TARGET_NAME)";
				SWIFT_VERSION = 3.0;
				TEST_TARGET_NAME = BookClub;
			};
			name = Release;
		};
/* End XCBuildConfiguration section */

/* Begin XCConfigurationList section */
		DB968B6F1DC26D23007A7037 /* Build configuration list for PBXProject "BookClub" */ = {
			isa = XCConfigurationList;
			buildConfigurations = (
				DB968B9A1DC26D25007A7037 /* Debug */,
				DB968B9B1DC26D25007A7037 /* Release */,
			);
			defaultConfigurationIsVisible = 0;
			defaultConfigurationName = Release;
		};
		DB968B9C1DC26D25007A7037 /* Build configuration list for PBXNativeTarget "BookClub" */ = {
			isa = XCConfigurationList;
			buildConfigurations = (
				DB968B9D1DC26D25007A7037 /* Debug */,
				DB968B9E1DC26D25007A7037 /* Release */,
			);
			defaultConfigurationIsVisible = 0;
			defaultConfigurationName = Release;
		};
		DB968B9F1DC26D25007A7037 /* Build configuration list for PBXNativeTarget "BookClubTests" */ = {
			isa = XCConfigurationList;
			buildConfigurations = (
				DB968BA01DC26D25007A7037 /* Debug */,
				DB968BA11DC26D25007A7037 /* Release */,
			);
			defaultConfigurationIsVisible = 0;
			defaultConfigurationName = Release;
		};
		DB968BA21DC26D25007A7037 /* Build configuration list for PBXNativeTarget "BookClubUITests" */ = {
			isa = XCConfigurationList;
			buildConfigurations = (
				DB968BA31DC26D25007A7037 /* Debug */,
				DB968BA41DC26D25007A7037 /* Release */,
			);
			defaultConfigurationIsVisible = 0;
			defaultConfigurationName = Release;
		};
/* End XCConfigurationList section */
	};
	rootObject = DB968B6C1DC26D23007A7037 /* Project object */;
}
